
Microsoft Visual Studio Solution File, Format Version 12.00
# Visual Studio 15
VisualStudioVersion = 15.0.28010.2046
MinimumVisualStudioVersion = 10.0.40219.1
Project("{FAE04EC0-301F-11D3-BF4B-00C04F79EFBC}") = "Zadanie TIME", "Zadanie TIME\Zadanie TIME.csproj", "{30D93FF1-0BC8-4B8E-84B3-762A07CFA5AB}"
EndProject
Project("{FAE04EC0-301F-11D3-BF4B-00C04F79EFBC}") = "UnitTestProject", "UnitTestProject\UnitTestProject.csproj", "{8BDE25ED-1C63-40BB-977C-33506BF4C672}"
EndProject
Global
	GlobalSection(SolutionConfigurationPlatforms) = preSolution
		Debug|Any CPU = Debug|Any CPU
		Release|Any CPU = Release|Any CPU
	EndGlobalSection
	GlobalSection(ProjectConfigurationPlatforms) = postSolution
		{30D93FF1-0BC8-4B8E-84B3-762A07CFA5AB}.Debug|Any CPU.ActiveCfg = Debug|Any CPU
		{30D93FF1-0BC8-4B8E-84B3-762A07CFA5AB}.Debug|Any CPU.Build.0 = Debug|Any CPU
		{30D93FF1-0BC8-4B8E-84B3-762A07CFA5AB}.Release|Any CPU.ActiveCfg = Release|Any CPU
		{30D93FF1-0BC8-4B8E-84B3-762A07CFA5AB}.Release|Any CPU.Build.0 = Release|Any CPU
		{8BDE25ED-1C63-40BB-977C-33506BF4C672}.Debug|Any CPU.ActiveCfg = Debug|Any CPU
		{8BDE25ED-1C63-40BB-977C-33506BF4C672}.Debug|Any CPU.Build.0 = Debug|Any CPU
		{8BDE25ED-1C63-40BB-977C-33506BF4C672}.Release|Any CPU.ActiveCfg = Release|Any CPU
		{8BDE25ED-1C63-40BB-977C-33506BF4C672}.Release|Any CPU.Build.0 = Release|Any CPU
	EndGlobalSection
	GlobalSection(SolutionProperties) = preSolution
		HideSolutionNode = FALSE
	EndGlobalSection
	GlobalSection(ExtensibilityGlobals) = postSolution
		SolutionGuid = {E30084D3-E14A-4C77-95BA-6CDA668EC26A}
	EndGlobalSection
EndGlobal
